
Microsoft Visual Studio Solution File, Format Version 12.00
# Visual Studio 14
VisualStudioVersion = 14.0.25420.1
MinimumVisualStudioVersion = 10.0.40219.1
Project("{FAE04EC0-301F-11D3-BF4B-00C04F79EFBC}") = "Week8Bonus", "Week8Bonus\Week8Bonus.csproj", "{EE453B7F-4F46-4AEC-AC55-5DA2A92DA3AE}"
EndProject
Global
	GlobalSection(SolutionConfigurationPlatforms) = preSolution
		Debug|Any CPU = Debug|Any CPU
		Release|Any CPU = Release|Any CPU
	EndGlobalSection
	GlobalSection(ProjectConfigurationPlatforms) = postSolution
		{EE453B7F-4F46-4AEC-AC55-5DA2A92DA3AE}.Debug|Any CPU.ActiveCfg = Debug|Any CPU
		{EE453B7F-4F46-4AEC-AC55-5DA2A92DA3AE}.Debug|Any CPU.Build.0 = Debug|Any CPU
		{EE453B7F-4F46-4AEC-AC55-5DA2A92DA3AE}.Release|Any CPU.ActiveCfg = Release|Any CPU
		{EE453B7F-4F46-4AEC-AC55-5DA2A92DA3AE}.Release|Any CPU.Build.0 = Release|Any CPU
	EndGlobalSection
	GlobalSection(SolutionProperties) = preSolution
		HideSolutionNode = FALSE
	EndGlobalSection
EndGlobal
